Microsoft Visual Studio Solution File, Format Version 12.00
# Visual Studio 15
VisualStudioVersion = 15.0.26228.9
MinimumVisualStudioVersion = 10.0.40219.1
Project("{2150E333-8FDC-42A3-9474-1A3956D46DE8}") = "Logs", "Logs", "{21C2C975-4114-4391-BDDE-52880A22A002}"
	ProjectSection(SolutionItems) = preProject
		logs\exceptions.txt = logs\exceptions.txt
	EndProjectSection
EndProject
Project("{2150E333-8FDC-42A3-9474-1A3956D46DE8}") = "Doc", "Doc", "{47ED17EB-AB19-47BB-986B-83BF5DF95E59}"
	ProjectSection(SolutionItems) = preProject
		doc\manual.txt = doc\manual.txt
		doc\sno_actors.txt = doc\sno_actors.txt
		doc\sno_items.txt = doc\sno_items.txt
		doc\sno_powers.txt = doc\sno_powers.txt
		doc\sno_powers_skills.txt = doc\sno_powers_skills.txt
		doc\sno_quests.txt = doc\sno_quests.txt
		doc\ui_elements.txt = doc\ui_elements.txt
	EndProjectSection
EndProject
Project("{FAE04EC0-301F-11D3-BF4B-00C04F79EFBC}") = "SRJ-Theme", "SRJ-Theme.csproj", "{A64D6B6C-C701-4A17-97A6-2485ADEE71D3}"
EndProject
Global
	GlobalSection(SolutionConfigurationPlatforms) = preSolution
		Debug|Any CPU = Debug|Any CPU
		Release|Any CPU = Release|Any CPU
	EndGlobalSection
	GlobalSection(ProjectConfigurationPlatforms) = postSolution
		{A64D6B6C-C701-4A17-97A6-2485ADEE71D3}.Debug|Any CPU.ActiveCfg = Debug|Any CPU
		{A64D6B6C-C701-4A17-97A6-2485ADEE71D3}.Debug|Any CPU.Build.0 = Debug|Any CPU
		{A64D6B6C-C701-4A17-97A6-2485ADEE71D3}.Release|Any CPU.ActiveCfg = Release|Any CPU
		{A64D6B6C-C701-4A17-97A6-2485ADEE71D3}.Release|Any CPU.Build.0 = Release|Any CPU
	EndGlobalSection
	GlobalSection(SolutionProperties) = preSolution
		HideSolutionNode = FALSE
	EndGlobalSection
EndGlobal
